
Microsoft Visual Studio Solution File, Format Version 12.00
# Visual Studio Version 17
VisualStudioVersion = 17.4.33103.184
MinimumVisualStudioVersion = 10.0.40219.1
Project("{FAE04EC0-301F-11D3-BF4B-00C04F79EFBC}") = "TestCRUD", "TestCRUD\TestCRUD.csproj", "{05291F03-B5FC-47DD-9C56-8B2E317D2843}"
EndProject
Global
	GlobalSection(SolutionConfigurationPlatforms) = preSolution
		Debug|Any CPU = Debug|Any CPU
		Release|Any CPU = Release|Any CPU
	EndGlobalSection
	GlobalSection(ProjectConfigurationPlatforms) = postSolution
		{05291F03-B5FC-47DD-9C56-8B2E317D2843}.Debug|Any CPU.ActiveCfg = Debug|Any CPU
		{05291F03-B5FC-47DD-9C56-8B2E317D2843}.Debug|Any CPU.Build.0 = Debug|Any CPU
		{05291F03-B5FC-47DD-9C56-8B2E317D2843}.Release|Any CPU.ActiveCfg = Release|Any CPU
		{05291F03-B5FC-47DD-9C56-8B2E317D2843}.Release|Any CPU.Build.0 = Release|Any CPU
	EndGlobalSection
	GlobalSection(SolutionProperties) = preSolution
		HideSolutionNode = FALSE
	EndGlobalSection
	GlobalSection(ExtensibilityGlobals) = postSolution
		SolutionGuid = {56A5F740-82D9-4C32-B953-C2F21BBFD0E7}
	EndGlobalSection
EndGlobal
